
Microsoft Visual Studio Solution File, Format Version 12.00
# Visual Studio Version 16
VisualStudioVersion = 16.0.30621.155
MinimumVisualStudioVersion = 10.0.40219.1
Project("{FAE04EC0-301F-11D3-BF4B-00C04F79EFBC}") = "JubicApiChallenge-Core", "JubicApiChallenge-Core\JubicApiChallenge-Core.csproj", "{50BB17A0-4A23-4D2B-AED6-FEC6E77E1FDA}"
EndProject
Global
	GlobalSection(SolutionConfigurationPlatforms) = preSolution
		Debug|Any CPU = Debug|Any CPU
		Release|Any CPU = Release|Any CPU
	EndGlobalSection
	GlobalSection(ProjectConfigurationPlatforms) = postSolution
		{50BB17A0-4A23-4D2B-AED6-FEC6E77E1FDA}.Debug|Any CPU.ActiveCfg = Debug|Any CPU
		{50BB17A0-4A23-4D2B-AED6-FEC6E77E1FDA}.Debug|Any CPU.Build.0 = Debug|Any CPU
		{50BB17A0-4A23-4D2B-AED6-FEC6E77E1FDA}.Release|Any CPU.ActiveCfg = Release|Any CPU
		{50BB17A0-4A23-4D2B-AED6-FEC6E77E1FDA}.Release|Any CPU.Build.0 = Release|Any CPU
	EndGlobalSection
	GlobalSection(SolutionProperties) = preSolution
		HideSolutionNode = FALSE
	EndGlobalSection
	GlobalSection(ExtensibilityGlobals) = postSolution
		SolutionGuid = {F1D26EB6-E0D9-426F-87AD-5E003AA43D90}
	EndGlobalSection
EndGlobal
